schema: '2.0'
stages:
  train:
    cmd: python src/train.py
    deps:
    - path: SF_dataset
      md5: b64b70aaada97af152fc9c8e61205b66.dir
      size: 951460430
      nfiles: 22426
    - path: src
      md5: 80d1d9a5eedc54d51c01118721793f91.dir
      size: 13660
      nfiles: 3
    params:
      params.yaml:
        batch_size: 64
        classes: 10
        epochs: 2
        learning_rate: 0.0015
        stopping_patience: 10
    outs:
    - path: dvclive.json
      md5: 45d86c5d9209fc62a44e8fcf88ca6b7f
      size: 248
    - path: dvclive/train_accuracy.jpg
      md5: 34b7add22f7d5dbd78440af17ab0f072
      size: 23746
    - path: weights
      md5: bf98d1e5d1032ff5d7ba9da40025fce7.dir
      size: 14573434
      nfiles: 4
